
Microsoft Visual Studio Solution File, Format Version 12.00
# Visual Studio Version 16
VisualStudioVersion = 16.0.31105.61
MinimumVisualStudioVersion = 10.0.40219.1
Project("{FAE04EC0-301F-11D3-BF4B-00C04F79EFBC}") = "FeitWorkshop", "FeitWorkshop\FeitWorkshop.csproj", "{8F34B383-DDEB-4627-B571-D105148871BA}"
EndProject
Global
	GlobalSection(SolutionConfigurationPlatforms) = preSolution
		Debug|Any CPU = Debug|Any CPU
		Release|Any CPU = Release|Any CPU
	EndGlobalSection
	GlobalSection(ProjectConfigurationPlatforms) = postSolution
		{8F34B383-DDEB-4627-B571-D105148871BA}.Debug|Any CPU.ActiveCfg = Debug|Any CPU
		{8F34B383-DDEB-4627-B571-D105148871BA}.Debug|Any CPU.Build.0 = Debug|Any CPU
		{8F34B383-DDEB-4627-B571-D105148871BA}.Release|Any CPU.ActiveCfg = Release|Any CPU
		{8F34B383-DDEB-4627-B571-D105148871BA}.Release|Any CPU.Build.0 = Release|Any CPU
	EndGlobalSection
	GlobalSection(SolutionProperties) = preSolution
		HideSolutionNode = FALSE
	EndGlobalSection
	GlobalSection(ExtensibilityGlobals) = postSolution
		SolutionGuid = {4A563109-078E-401D-AAAC-83D4B575E5E1}
	EndGlobalSection
EndGlobal
